
Microsoft Visual Studio Solution File, Format Version 12.00
# Visual Studio 15
VisualStudioVersion = 15.0.28307.572
MinimumVisualStudioVersion = 10.0.40219.1
Project("{FAE04EC0-301F-11D3-BF4B-00C04F79EFBC}") = "CineMovies.Android", "CineMovies\CineMovies.Android\CineMovies.Android.csproj", "{45EDC8E7-A4FA-4E96-A416-C36A20D11B98}"
EndProject
Project("{FAE04EC0-301F-11D3-BF4B-00C04F79EFBC}") = "CineMovies.iOS", "CineMovies\CineMovies.iOS\CineMovies.iOS.csproj", "{A61D94E5-F1EF-493E-BEFA-E168238DD8DC}"
EndProject
Project("{FAE04EC0-301F-11D3-BF4B-00C04F79EFBC}") = "CineMovies.UWP", "CineMovies\CineMovies.UWP\CineMovies.UWP.csproj", "{41DF2A8C-3E9E-44A1-9FF5-1F90B9ADCBE0}"
EndProject
Project("{FAE04EC0-301F-11D3-BF4B-00C04F79EFBC}") = "CineMovies", "CineMovies\CineMovies\CineMovies.csproj", "{B820CC56-E2F0-48E7-8C69-7FE858BAFDFF}"
EndProject
Project("{2150E333-8FDC-42A3-9474-1A3956D46DE8}") = "Test", "Test", "{170D9A27-CD61-40A9-9F97-EC148CEECD3F}"
EndProject
Project("{FAE04EC0-301F-11D3-BF4B-00C04F79EFBC}") = "Cinemovies.Test", "Cinemovies.Test\Cinemovies.Test.csproj", "{B9CDB35A-2BA8-4494-8DFE-46D81C38490E}"
EndProject
Global
	GlobalSection(SolutionConfigurationPlatforms) = preSolution
		Ad-Hoc|Any CPU = Ad-Hoc|Any CPU
		Ad-Hoc|ARM = Ad-Hoc|ARM
		Ad-Hoc|iPhone = Ad-Hoc|iPhone
		Ad-Hoc|iPhoneSimulator = Ad-Hoc|iPhoneSimulator
		Ad-Hoc|x64 = Ad-Hoc|x64
		Ad-Hoc|x86 = Ad-Hoc|x86
		AppStore|Any CPU = AppStore|Any CPU
		AppStore|ARM = AppStore|ARM
		AppStore|iPhone = AppStore|iPhone
		AppStore|iPhoneSimulator = AppStore|iPhoneSimulator
		AppStore|x64 = AppStore|x64
		AppStore|x86 = AppStore|x86
		Debug|Any CPU = Debug|Any CPU
		Debug|ARM = Debug|ARM
		Debug|iPhone = Debug|iPhone
		Debug|iPhoneSimulator = Debug|iPhoneSimulator
		Debug|x64 = Debug|x64
		Debug|x86 = Debug|x86
		Release|Any CPU = Release|Any CPU
		Release|ARM = Release|ARM
		Release|iPhone = Release|iPhone
		Release|iPhoneSimulator = Release|iPhoneSimulator
		Release|x64 = Release|x64
		Release|x86 = Release|x86
	EndGlobalSection
	GlobalSection(ProjectConfigurationPlatforms) = postSolution
		{45EDC8E7-A4FA-4E96-A416-C36A20D11B98}.Ad-Hoc|Any CPU.ActiveCfg = Release|Any CPU
		{45EDC8E7-A4FA-4E96-A416-C36A20D11B98}.Ad-Hoc|Any CPU.Build.0 = Release|Any CPU
		{45EDC8E7-A4FA-4E96-A416-C36A20D11B98}.Ad-Hoc|Any CPU.Deploy.0 = Release|Any CPU
		{45EDC8E7-A4FA-4E96-A416-C36A20D11B98}.Ad-Hoc|ARM.ActiveCfg = Release|Any CPU
		{45EDC8E7-A4FA-4E96-A416-C36A20D11B98}.Ad-Hoc|ARM.Build.0 = Release|Any CPU
		{45EDC8E7-A4FA-4E96-A416-C36A20D11B98}.Ad-Hoc|ARM.Deploy.0 = Release|Any CPU
		{45EDC8E7-A4FA-4E96-A416-C36A20D11B98}.Ad-Hoc|iPhone.ActiveCfg = Release|Any CPU
		{45EDC8E7-A4FA-4E96-A416-C36A20D11B98}.Ad-Hoc|iPhone.Build.0 = Release|Any CPU
		{45EDC8E7-A4FA-4E96-A416-C36A20D11B98}.Ad-Hoc|iPhone.Deploy.0 = Release|Any CPU
		{45EDC8E7-A4FA-4E96-A416-C36A20D11B98}.Ad-Hoc|iPhoneSimulator.ActiveCfg = Release|Any CPU
		{45EDC8E7-A4FA-4E96-A416-C36A20D11B98}.Ad-Hoc|iPhoneSimulator.Build.0 = Release|Any CPU
		{45EDC8E7-A4FA-4E96-A416-C36A20D11B98}.Ad-Hoc|iPhoneSimulator.Deploy.0 = Release|Any CPU
		{45EDC8E7-A4FA-4E96-A416-C36A20D11B98}.Ad-Hoc|x64.ActiveCfg = Release|Any CPU
		{45EDC8E7-A4FA-4E96-A416-C36A20D11B98}.Ad-Hoc|x64.Build.0 = Release|Any CPU
		{45EDC8E7-A4FA-4E96-A416-C36A20D11B98}.Ad-Hoc|x64.Deploy.0 = Release|Any CPU
		{45EDC8E7-A4FA-4E96-A416-C36A20D11B98}.Ad-Hoc|x86.ActiveCfg = Release|Any CPU
		{45EDC8E7-A4FA-4E96-A416-C36A20D11B98}.Ad-Hoc|x86.Build.0 = Release|Any CPU
		{45EDC8E7-A4FA-4E96-A416-C36A20D11B98}.Ad-Hoc|x86.Deploy.0 = Release|Any CPU
		{45EDC8E7-A4FA-4E96-A416-C36A20D11B98}.AppStore|Any CPU.ActiveCfg = Release|Any CPU
		{45EDC8E7-A4FA-4E96-A416-C36A20D11B98}.AppStore|Any CPU.Build.0 = Release|Any CPU
		{45EDC8E7-A4FA-4E96-A416-C36A20D11B98}.AppStore|Any CPU.Deploy.0 = Release|Any CPU
		{45EDC8E7-A4FA-4E96-A416-C36A20D11B98}.AppStore|ARM.ActiveCfg = Release|Any CPU
		{45EDC8E7-A4FA-4E96-A416-C36A20D11B98}.AppStore|ARM.Build.0 = Release|Any CPU
		{45EDC8E7-A4FA-4E96-A416-C36A20D11B98}.AppStore|ARM.Deploy.0 = Release|Any CPU
		{45EDC8E7-A4FA-4E96-A416-C36A20D11B98}.AppStore|iPhone.ActiveCfg = Release|Any CPU
		{45EDC8E7-A4FA-4E96-A416-C36A20D11B98}.AppStore|iPhone.Build.0 = Release|Any CPU
		{45EDC8E7-A4FA-4E96-A416-C36A20D11B98}.AppStore|iPhone.Deploy.0 = Release|Any CPU
		{45EDC8E7-A4FA-4E96-A416-C36A20D11B98}.AppStore|iPhoneSimulator.ActiveCfg = Release|Any CPU
		{45EDC8E7-A4FA-4E96-A416-C36A20D11B98}.AppStore|iPhoneSimulator.Build.0 = Release|Any CPU
		{45EDC8E7-A4FA-4E96-A416-C36A20D11B98}.AppStore|iPhoneSimulator.Deploy.0 = Release|Any CPU
		{45EDC8E7-A4FA-4E96-A416-C36A20D11B98}.AppStore|x64.ActiveCfg = Release|Any CPU
		{45EDC8E7-A4FA-4E96-A416-C36A20D11B98}.AppStore|x64.Build.0 = Release|Any CPU
		{45EDC8E7-A4FA-4E96-A416-C36A20D11B98}.AppStore|x64.Deploy.0 = Release|Any CPU
		{45EDC8E7-A4FA-4E96-A416-C36A20D11B98}.AppStore|x86.ActiveCfg = Release|Any CPU
		{45EDC8E7-A4FA-4E96-A416-C36A20D11B98}.AppStore|x86.Build.0 = Release|Any CPU
		{45EDC8E7-A4FA-4E96-A416-C36A20D11B98}.AppStore|x86.Deploy.0 = Release|Any CPU
		{45EDC8E7-A4FA-4E96-A416-C36A20D11B98}.Debug|Any CPU.ActiveCfg = Debug|Any CPU
		{45EDC8E7-A4FA-4E96-A416-C36A20D11B98}.Debug|Any CPU.Build.0 = Debug|Any CPU
		{45EDC8E7-A4FA-4E96-A416-C36A20D11B98}.Debug|Any CPU.Deploy.0 = Debug|Any CPU
		{45EDC8E7-A4FA-4E96-A416-C36A20D11B98}.Debug|ARM.ActiveCfg = Debug|Any CPU
		{45EDC8E7-A4FA-4E96-A416-C36A20D11B98}.Debug|ARM.Build.0 = Debug|Any CPU
		{45EDC8E7-A4FA-4E96-A416-C36A20D11B98}.Debug|ARM.Deploy.0 = Debug|Any CPU
		{45EDC8E7-A4FA-4E96-A416-C36A20D11B98}.Debug|iPhone.ActiveCfg = Debug|Any CPU
		{45EDC8E7-A4FA-4E96-A416-C36A20D11B98}.Debug|iPhone.Build.0 = Debug|Any CPU
		{45EDC8E7-A4FA-4E96-A416-C36A20D11B98}.Debug|iPhone.Deploy.0 = Debug|Any CPU
		{45EDC8E7-A4FA-4E96-A416-C36A20D11B98}.Debug|iPhoneSimulator.ActiveCfg = Debug|Any CPU
		{45EDC8E7-A4FA-4E96-A416-C36A20D11B98}.Debug|iPhoneSimulator.Build.0 = Debug|Any CPU
		{45EDC8E7-A4FA-4E96-A416-C36A20D11B98}.Debug|iPhoneSimulator.Deploy.0 = Debug|Any CPU
		{45EDC8E7-A4FA-4E96-A416-C36A20D11B98}.Debug|x64.ActiveCfg = Debug|Any CPU
		{45EDC8E7-A4FA-4E96-A416-C36A20D11B98}.Debug|x64.Build.0 = Debug|Any CPU
		{45EDC8E7-A4FA-4E96-A416-C36A20D11B98}.Debug|x64.Deploy.0 = Debug|Any CPU
		{45EDC8E7-A4FA-4E96-A416-C36A20D11B98}.Debug|x86.ActiveCfg = Debug|Any CPU
		{45EDC8E7-A4FA-4E96-A416-C36A20D11B98}.Debug|x86.Build.0 = Debug|Any CPU
		{45EDC8E7-A4FA-4E96-A416-C36A20D11B98}.Debug|x86.Deploy.0 = Debug|Any CPU
		{45EDC8E7-A4FA-4E96-A416-C36A20D11B98}.Release|Any CPU.ActiveCfg = Release|Any CPU
		{45EDC8E7-A4FA-4E96-A416-C36A20D11B98}.Release|Any CPU.Build.0 = Release|Any CPU
		{45EDC8E7-A4FA-4E96-A416-C36A20D11B98}.Release|Any CPU.Deploy.0 = Release|Any CPU
		{45EDC8E7-A4FA-4E96-A416-C36A20D11B98}.Release|ARM.ActiveCfg = Release|Any CPU
		{45EDC8E7-A4FA-4E96-A416-C36A20D11B98}.Release|ARM.Build.0 = Release|Any CPU
		{45EDC8E7-A4FA-4E96-A416-C36A20D11B98}.Release|ARM.Deploy.0 = Release|Any CPU
		{45EDC8E7-A4FA-4E96-A416-C36A20D11B98}.Release|iPhone.ActiveCfg = Release|Any CPU
		{45EDC8E7-A4FA-4E96-A416-C36A20D11B98}.Release|iPhone.Build.0 = Release|Any CPU
		{45EDC8E7-A4FA-4E96-A416-C36A20D11B98}.Release|iPhone.Deploy.0 = Release|Any CPU
		{45EDC8E7-A4FA-4E96-A416-C36A20D11B98}.Release|iPhoneSimulator.ActiveCfg = Release|Any CPU
		{45EDC8E7-A4FA-4E96-A416-C36A20D11B98}.Release|iPhoneSimulator.Build.0 = Release|Any CPU
		{45EDC8E7-A4FA-4E96-A416-C36A20D11B98}.Release|iPhoneSimulator.Deploy.0 = Release|Any CPU
		{45EDC8E7-A4FA-4E96-A416-C36A20D11B98}.Release|x64.ActiveCfg = Release|Any CPU
		{45EDC8E7-A4FA-4E96-A416-C36A20D11B98}.Release|x64.Build.0 = Release|Any CPU
		{45EDC8E7-A4FA-4E96-A416-C36A20D11B98}.Release|x64.Deploy.0 = Release|Any CPU
		{45EDC8E7-A4FA-4E96-A416-C36A20D11B98}.Release|x86.ActiveCfg = Release|Any CPU
		{45EDC8E7-A4FA-4E96-A416-C36A20D11B98}.Release|x86.Build.0 = Release|Any CPU
		{45EDC8E7-A4FA-4E96-A416-C36A20D11B98}.Release|x86.Deploy.0 = Release|Any CPU
		{A61D94E5-F1EF-493E-BEFA-E168238DD8DC}.Ad-Hoc|Any CPU.ActiveCfg = Ad-Hoc|iPhone
		{A61D94E5-F1EF-493E-BEFA-E168238DD8DC}.Ad-Hoc|Any CPU.Build.0 = Ad-Hoc|iPhone
		{A61D94E5-F1EF-493E-BEFA-E168238DD8DC}.Ad-Hoc|Any CPU.Deploy.0 = Ad-Hoc|iPhone
		{A61D94E5-F1EF-493E-BEFA-E168238DD8DC}.Ad-Hoc|ARM.ActiveCfg = Ad-Hoc|iPhone
		{A61D94E5-F1EF-493E-BEFA-E168238DD8DC}.Ad-Hoc|ARM.Build.0 = Ad-Hoc|iPhone
		{A61D94E5-F1EF-493E-BEFA-E168238DD8DC}.Ad-Hoc|ARM.Deploy.0 = Ad-Hoc|iPhone
		{A61D94E5-F1EF-493E-BEFA-E168238DD8DC}.Ad-Hoc|iPhone.ActiveCfg = Ad-Hoc|iPhone
		{A61D94E5-F1EF-493E-BEFA-E168238DD8DC}.Ad-Hoc|iPhone.Build.0 = Ad-Hoc|iPhone
		{A61D94E5-F1EF-493E-BEFA-E168238DD8DC}.Ad-Hoc|iPhone.Deploy.0 = Ad-Hoc|iPhone
		{A61D94E5-F1EF-493E-BEFA-E168238DD8DC}.Ad-Hoc|iPhoneSimulator.ActiveCfg = Ad-Hoc|iPhoneSimulator
		{A61D94E5-F1EF-493E-BEFA-E168238DD8DC}.Ad-Hoc|iPhoneSimulator.Build.0 = Ad-Hoc|iPhoneSimulator
		{A61D94E5-F1EF-493E-BEFA-E168238DD8DC}.Ad-Hoc|iPhoneSimulator.Deploy.0 = Ad-Hoc|iPhoneSimulator
		{A61D94E5-F1EF-493E-BEFA-E168238DD8DC}.Ad-Hoc|x64.ActiveCfg = Ad-Hoc|iPhone
		{A61D94E5-F1EF-493E-BEFA-E168238DD8DC}.Ad-Hoc|x64.Build.0 = Ad-Hoc|iPhone
		{A61D94E5-F1EF-493E-BEFA-E168238DD8DC}.Ad-Hoc|x64.Deploy.0 = Ad-Hoc|iPhone
		{A61D94E5-F1EF-493E-BEFA-E168238DD8DC}.Ad-Hoc|x86.ActiveCfg = Ad-Hoc|iPhone
		{A61D94E5-F1EF-493E-BEFA-E168238DD8DC}.Ad-Hoc|x86.Build.0 = Ad-Hoc|iPhone
		{A61D94E5-F1EF-493E-BEFA-E168238DD8DC}.Ad-Hoc|x86.Deploy.0 = Ad-Hoc|iPhone
		{A61D94E5-F1EF-493E-BEFA-E168238DD8DC}.AppStore|Any CPU.ActiveCfg = AppStore|iPhone
		{A61D94E5-F1EF-493E-BEFA-E168238DD8DC}.AppStore|Any CPU.Build.0 = AppStore|iPhone
		{A61D94E5-F1EF-493E-BEFA-E168238DD8DC}.AppStore|Any CPU.Deploy.0 = AppStore|iPhone
		{A61D94E5-F1EF-493E-BEFA-E168238DD8DC}.AppStore|ARM.ActiveCfg = AppStore|iPhone
		{A61D94E5-F1EF-493E-BEFA-E168238DD8DC}.AppStore|ARM.Build.0 = AppStore|iPhone
		{A61D94E5-F1EF-493E-BEFA-E168238DD8DC}.AppStore|ARM.Deploy.0 = AppStore|iPhone
		{A61D94E5-F1EF-493E-BEFA-E168238DD8DC}.AppStore|iPhone.ActiveCfg = AppStore|iPhone
		{A61D94E5-F1EF-493E-BEFA-E168238DD8DC}.AppStore|iPhone.Build.0 = AppStore|iPhone
		{A61D94E5-F1EF-493E-BEFA-E168238DD8DC}.AppStore|iPhone.Deploy.0 = AppStore|iPhone
		{A61D94E5-F1EF-493E-BEFA-E168238DD8DC}.AppStore|iPhoneSimulator.ActiveCfg = AppStore|iPhoneSimulator
		{A61D94E5-F1EF-493E-BEFA-E168238DD8DC}.AppStore|iPhoneSimulator.Build.0 = AppStore|iPhoneSimulator
		{A61D94E5-F1EF-493E-BEFA-E168238DD8DC}.AppStore|iPhoneSimulator.Deploy.0 = AppStore|iPhoneSimulator
		{A61D94E5-F1EF-493E-BEFA-E168238DD8DC}.AppStore|x64.ActiveCfg = AppStore|iPhone
		{A61D94E5-F1EF-493E-BEFA-E168238DD8DC}.AppStore|x64.Build.0 = AppStore|iPhone
		{A61D94E5-F1EF-493E-BEFA-E168238DD8DC}.AppStore|x64.Deploy.0 = AppStore|iPhone
		{A61D94E5-F1EF-493E-BEFA-E168238DD8DC}.AppStore|x86.ActiveCfg = AppStore|iPhone
		{A61D94E5-F1EF-493E-BEFA-E168238DD8DC}.AppStore|x86.Build.0 = AppStore|iPhone
		{A61D94E5-F1EF-493E-BEFA-E168238DD8DC}.AppStore|x86.Deploy.0 = AppStore|iPhone
		{A61D94E5-F1EF-493E-BEFA-E168238DD8DC}.Debug|Any CPU.ActiveCfg = Debug|iPhoneSimulator
		{A61D94E5-F1EF-493E-BEFA-E168238DD8DC}.Debug|Any CPU.Build.0 = Debug|iPhoneSimulator
		{A61D94E5-F1EF-493E-BEFA-E168238DD8DC}.Debug|Any CPU.Deploy.0 = Debug|iPhoneSimulator
		{A61D94E5-F1EF-493E-BEFA-E168238DD8DC}.Debug|ARM.ActiveCfg = Debug|iPhone
		{A61D94E5-F1EF-493E-BEFA-E168238DD8DC}.Debug|ARM.Build.0 = Debug|iPhone
		{A61D94E5-F1EF-493E-BEFA-E168238DD8DC}.Debug|ARM.Deploy.0 = Debug|iPhone
		{A61D94E5-F1EF-493E-BEFA-E168238DD8DC}.Debug|iPhone.ActiveCfg = Debug|iPhone
		{A61D94E5-F1EF-493E-BEFA-E168238DD8DC}.Debug|iPhone.Build.0 = Debug|iPhone
		{A61D94E5-F1EF-493E-BEFA-E168238DD8DC}.Debug|iPhone.Deploy.0 = Debug|iPhone
		{A61D94E5-F1EF-493E-BEFA-E168238DD8DC}.Debug|iPhoneSimulator.ActiveCfg = Debug|iPhoneSimulator
		{A61D94E5-F1EF-493E-BEFA-E168238DD8DC}.Debug|iPhoneSimulator.Build.0 = Debug|iPhoneSimulator
		{A61D94E5-F1EF-493E-BEFA-E168238DD8DC}.Debug|iPhoneSimulator.Deploy.0 = Debug|iPhoneSimulator
		{A61D94E5-F1EF-493E-BEFA-E168238DD8DC}.Debug|x64.ActiveCfg = Debug|iPhone
		{A61D94E5-F1EF-493E-BEFA-E168238DD8DC}.Debug|x64.Build.0 = Debug|iPhone
		{A61D94E5-F1EF-493E-BEFA-E168238DD8DC}.Debug|x64.Deploy.0 = Debug|iPhone
		{A61D94E5-F1EF-493E-BEFA-E168238DD8DC}.Debug|x86.ActiveCfg = Debug|iPhone
		{A61D94E5-F1EF-493E-BEFA-E168238DD8DC}.Debug|x86.Build.0 = Debug|iPhone
		{A61D94E5-F1EF-493E-BEFA-E168238DD8DC}.Debug|x86.Deploy.0 = Debug|iPhone
		{A61D94E5-F1EF-493E-BEFA-E168238DD8DC}.Release|Any CPU.ActiveCfg = Release|iPhone
		{A61D94E5-F1EF-493E-BEFA-E168238DD8DC}.Release|Any CPU.Build.0 = Release|iPhone
		{A61D94E5-F1EF-493E-BEFA-E168238DD8DC}.Release|Any CPU.Deploy.0 = Release|iPhone
		{A61D94E5-F1EF-493E-BEFA-E168238DD8DC}.Release|ARM.ActiveCfg = Release|iPhone
		{A61D94E5-F1EF-493E-BEFA-E168238DD8DC}.Release|ARM.Build.0 = Release|iPhone
		{A61D94E5-F1EF-493E-BEFA-E168238DD8DC}.Release|ARM.Deploy.0 = Release|iPhone
		{A61D94E5-F1EF-493E-BEFA-E168238DD8DC}.Release|iPhone.ActiveCfg = Release|iPhone
		{A61D94E5-F1EF-493E-BEFA-E168238DD8DC}.Release|iPhone.Build.0 = Release|iPhone
		{A61D94E5-F1EF-493E-BEFA-E168238DD8DC}.Release|iPhone.Deploy.0 = Release|iPhone
		{A61D94E5-F1EF-493E-BEFA-E168238DD8DC}.Release|iPhoneSimulator.ActiveCfg = Release|iPhoneSimulator
		{A61D94E5-F1EF-493E-BEFA-E168238DD8DC}.Release|iPhoneSimulator.Build.0 = Release|iPhoneSimulator
		{A61D94E5-F1EF-493E-BEFA-E168238DD8DC}.Release|iPhoneSimulator.Deploy.0 = Release|iPhoneSimulator
		{A61D94E5-F1EF-493E-BEFA-E168238DD8DC}.Release|x64.ActiveCfg = Release|iPhone
		{A61D94E5-F1EF-493E-BEFA-E168238DD8DC}.Release|x64.Build.0 = Release|iPhone
		{A61D94E5-F1EF-493E-BEFA-E168238DD8DC}.Release|x64.Deploy.0 = Release|iPhone
		{A61D94E5-F1EF-493E-BEFA-E168238DD8DC}.Release|x86.ActiveCfg = Release|iPhone
		{A61D94E5-F1EF-493E-BEFA-E168238DD8DC}.Release|x86.Build.0 = Release|iPhone
		{A61D94E5-F1EF-493E-BEFA-E168238DD8DC}.Release|x86.Deploy.0 = Release|iPhone
		{41DF2A8C-3E9E-44A1-9FF5-1F90B9ADCBE0}.Ad-Hoc|Any CPU.ActiveCfg = Release|x86
		{41DF2A8C-3E9E-44A1-9FF5-1F90B9ADCBE0}.Ad-Hoc|Any CPU.Build.0 = Release|x86
		{41DF2A8C-3E9E-44A1-9FF5-1F90B9ADCBE0}.Ad-Hoc|Any CPU.Deploy.0 = Release|x86
		{41DF2A8C-3E9E-44A1-9FF5-1F90B9ADCBE0}.Ad-Hoc|ARM.ActiveCfg = Release|ARM
		{41DF2A8C-3E9E-44A1-9FF5-1F90B9ADCBE0}.Ad-Hoc|ARM.Build.0 = Release|ARM
		{41DF2A8C-3E9E-44A1-9FF5-1F90B9ADCBE0}.Ad-Hoc|ARM.Deploy.0 = Release|ARM
		{41DF2A8C-3E9E-44A1-9FF5-1F90B9ADCBE0}.Ad-Hoc|iPhone.ActiveCfg = Release|x86
		{41DF2A8C-3E9E-44A1-9FF5-1F90B9ADCBE0}.Ad-Hoc|iPhone.Build.0 = Release|x86
		{41DF2A8C-3E9E-44A1-9FF5-1F90B9ADCBE0}.Ad-Hoc|iPhone.Deploy.0 = Release|x86
		{41DF2A8C-3E9E-44A1-9FF5-1F90B9ADCBE0}.Ad-Hoc|iPhoneSimulator.ActiveCfg = Release|x86
		{41DF2A8C-3E9E-44A1-9FF5-1F90B9ADCBE0}.Ad-Hoc|iPhoneSimulator.Build.0 = Release|x86
		{41DF2A8C-3E9E-44A1-9FF5-1F90B9ADCBE0}.Ad-Hoc|iPhoneSimulator.Deploy.0 = Release|x86
		{41DF2A8C-3E9E-44A1-9FF5-1F90B9ADCBE0}.Ad-Hoc|x64.ActiveCfg = Release|x64
		{41DF2A8C-3E9E-44A1-9FF5-1F90B9ADCBE0}.Ad-Hoc|x64.Build.0 = Release|x64
		{41DF2A8C-3E9E-44A1-9FF5-1F90B9ADCBE0}.Ad-Hoc|x64.Deploy.0 = Release|x64
		{41DF2A8C-3E9E-44A1-9FF5-1F90B9ADCBE0}.Ad-Hoc|x86.ActiveCfg = Release|x86
		{41DF2A8C-3E9E-44A1-9FF5-1F90B9ADCBE0}.Ad-Hoc|x86.Build.0 = Release|x86
		{41DF2A8C-3E9E-44A1-9FF5-1F90B9ADCBE0}.Ad-Hoc|x86.Deploy.0 = Release|x86
		{41DF2A8C-3E9E-44A1-9FF5-1F90B9ADCBE0}.AppStore|Any CPU.ActiveCfg = Release|x86
		{41DF2A8C-3E9E-44A1-9FF5-1F90B9ADCBE0}.AppStore|Any CPU.Build.0 = Release|x86
		{41DF2A8C-3E9E-44A1-9FF5-1F90B9ADCBE0}.AppStore|Any CPU.Deploy.0 = Release|x86
		{41DF2A8C-3E9E-44A1-9FF5-1F90B9ADCBE0}.AppStore|ARM.ActiveCfg = Release|ARM
		{41DF2A8C-3E9E-44A1-9FF5-1F90B9ADCBE0}.AppStore|ARM.Build.0 = Release|ARM
		{41DF2A8C-3E9E-44A1-9FF5-1F90B9ADCBE0}.AppStore|ARM.Deploy.0 = Release|ARM
		{41DF2A8C-3E9E-44A1-9FF5-1F90B9ADCBE0}.AppStore|iPhone.ActiveCfg = Release|x86
		{41DF2A8C-3E9E-44A1-9FF5-1F90B9ADCBE0}.AppStore|iPhone.Build.0 = Release|x86
		{41DF2A8C-3E9E-44A1-9FF5-1F90B9ADCBE0}.AppStore|iPhone.Deploy.0 = Release|x86
		{41DF2A8C-3E9E-44A1-9FF5-1F90B9ADCBE0}.AppStore|iPhoneSimulator.ActiveCfg = Release|x86
		{41DF2A8C-3E9E-44A1-9FF5-1F90B9ADCBE0}.AppStore|iPhoneSimulator.Build.0 = Release|x86
		{41DF2A8C-3E9E-44A1-9FF5-1F90B9ADCBE0}.AppStore|iPhoneSimulator.Deploy.0 = Release|x86
		{41DF2A8C-3E9E-44A1-9FF5-1F90B9ADCBE0}.AppStore|x64.ActiveCfg = Release|x64
		{41DF2A8C-3E9E-44A1-9FF5-1F90B9ADCBE0}.AppStore|x64.Build.0 = Release|x64
		{41DF2A8C-3E9E-44A1-9FF5-1F90B9ADCBE0}.AppStore|x64.Deploy.0 = Release|x64
		{41DF2A8C-3E9E-44A1-9FF5-1F90B9ADCBE0}.AppStore|x86.ActiveCfg = Release|x86
		{41DF2A8C-3E9E-44A1-9FF5-1F90B9ADCBE0}.AppStore|x86.Build.0 = Release|x86
		{41DF2A8C-3E9E-44A1-9FF5-1F90B9ADCBE0}.AppStore|x86.Deploy.0 = Release|x86
		{41DF2A8C-3E9E-44A1-9FF5-1F90B9ADCBE0}.Debug|Any CPU.ActiveCfg = Debug|x86
		{41DF2A8C-3E9E-44A1-9FF5-1F90B9ADCBE0}.Debug|Any CPU.Build.0 = Debug|x86
		{41DF2A8C-3E9E-44A1-9FF5-1F90B9ADCBE0}.Debug|Any CPU.Deploy.0 = Debug|x86
		{41DF2A8C-3E9E-44A1-9FF5-1F90B9ADCBE0}.Debug|ARM.ActiveCfg = Debug|ARM
		{41DF2A8C-3E9E-44A1-9FF5-1F90B9ADCBE0}.Debug|ARM.Build.0 = Debug|ARM
		{41DF2A8C-3E9E-44A1-9FF5-1F90B9ADCBE0}.Debug|ARM.Deploy.0 = Debug|ARM
		{41DF2A8C-3E9E-44A1-9FF5-1F90B9ADCBE0}.Debug|iPhone.ActiveCfg = Debug|x86
		{41DF2A8C-3E9E-44A1-9FF5-1F90B9ADCBE0}.Debug|iPhone.Build.0 = Debug|x86
		{41DF2A8C-3E9E-44A1-9FF5-1F90B9ADCBE0}.Debug|iPhone.Deploy.0 = Debug|x86
		{41DF2A8C-3E9E-44A1-9FF5-1F90B9ADCBE0}.Debug|iPhoneSimulator.ActiveCfg = Debug|x86
		{41DF2A8C-3E9E-44A1-9FF5-1F90B9ADCBE0}.Debug|iPhoneSimulator.Build.0 = Debug|x86
		{41DF2A8C-3E9E-44A1-9FF5-1F90B9ADCBE0}.Debug|iPhoneSimulator.Deploy.0 = Debug|x86
		{41DF2A8C-3E9E-44A1-9FF5-1F90B9ADCBE0}.Debug|x64.ActiveCfg = Debug|x64
		{41DF2A8C-3E9E-44A1-9FF5-1F90B9ADCBE0}.Debug|x64.Build.0 = Debug|x64
		{41DF2A8C-3E9E-44A1-9FF5-1F90B9ADCBE0}.Debug|x64.Deploy.0 = Debug|x64
		{41DF2A8C-3E9E-44A1-9FF5-1F90B9ADCBE0}.Debug|x86.ActiveCfg = Debug|x86
		{41DF2A8C-3E9E-44A1-9FF5-1F90B9ADCBE0}.Debug|x86.Build.0 = Debug|x86
		{41DF2A8C-3E9E-44A1-9FF5-1F90B9ADCBE0}.Debug|x86.Deploy.0 = Debug|x86
		{41DF2A8C-3E9E-44A1-9FF5-1F90B9ADCBE0}.Release|Any CPU.ActiveCfg = Release|x86
		{41DF2A8C-3E9E-44A1-9FF5-1F90B9ADCBE0}.Release|Any CPU.Build.0 = Release|x86
		{41DF2A8C-3E9E-44A1-9FF5-1F90B9ADCBE0}.Release|Any CPU.Deploy.0 = Release|x86
		{41DF2A8C-3E9E-44A1-9FF5-1F90B9ADCBE0}.Release|ARM.ActiveCfg = Release|ARM
		{41DF2A8C-3E9E-44A1-9FF5-1F90B9ADCBE0}.Release|ARM.Build.0 = Release|ARM
		{41DF2A8C-3E9E-44A1-9FF5-1F90B9ADCBE0}.Release|ARM.Deploy.0 = Release|ARM
		{41DF2A8C-3E9E-44A1-9FF5-1F90B9ADCBE0}.Release|iPhone.ActiveCfg = Release|x86
		{41DF2A8C-3E9E-44A1-9FF5-1F90B9ADCBE0}.Release|iPhone.Build.0 = Release|x86
		{41DF2A8C-3E9E-44A1-9FF5-1F90B9ADCBE0}.Release|iPhone.Deploy.0 = Release|x86
		{41DF2A8C-3E9E-44A1-9FF5-1F90B9ADCBE0}.Release|iPhoneSimulator.ActiveCfg = Release|x86
		{41DF2A8C-3E9E-44A1-9FF5-1F90B9ADCBE0}.Release|iPhoneSimulator.Build.0 = Release|x86
		{41DF2A8C-3E9E-44A1-9FF5-1F90B9ADCBE0}.Release|iPhoneSimulator.Deploy.0 = Release|x86
		{41DF2A8C-3E9E-44A1-9FF5-1F90B9ADCBE0}.Release|x64.ActiveCfg = Release|x64
		{41DF2A8C-3E9E-44A1-9FF5-1F90B9ADCBE0}.Release|x64.Build.0 = Release|x64
		{41DF2A8C-3E9E-44A1-9FF5-1F90B9ADCBE0}.Release|x64.Deploy.0 = Release|x64
		{41DF2A8C-3E9E-44A1-9FF5-1F90B9ADCBE0}.Release|x86.ActiveCfg = Release|x86
		{41DF2A8C-3E9E-44A1-9FF5-1F90B9ADCBE0}.Release|x86.Build.0 = Release|x86
		{41DF2A8C-3E9E-44A1-9FF5-1F90B9ADCBE0}.Release|x86.Deploy.0 = Release|x86
		{B820CC56-E2F0-48E7-8C69-7FE858BAFDFF}.Ad-Hoc|Any CPU.ActiveCfg = Debug|Any CPU
		{B820CC56-E2F0-48E7-8C69-7FE858BAFDFF}.Ad-Hoc|Any CPU.Build.0 = Debug|Any CPU
		{B820CC56-E2F0-48E7-8C69-7FE858BAFDFF}.Ad-Hoc|Any CPU.Deploy.0 = Debug|Any CPU
		{B820CC56-E2F0-48E7-8C69-7FE858BAFDFF}.Ad-Hoc|ARM.ActiveCfg = Debug|Any CPU
		{B820CC56-E2F0-48E7-8C69-7FE858BAFDFF}.Ad-Hoc|ARM.Build.0 = Debug|Any CPU
		{B820CC56-E2F0-48E7-8C69-7FE858BAFDFF}.Ad-Hoc|ARM.Deploy.0 = Debug|Any CPU
		{B820CC56-E2F0-48E7-8C69-7FE858BAFDFF}.Ad-Hoc|iPhone.ActiveCfg = Debug|Any CPU
		{B820CC56-E2F0-48E7-8C69-7FE858BAFDFF}.Ad-Hoc|iPhone.Build.0 = Debug|Any CPU
		{B820CC56-E2F0-48E7-8C69-7FE858BAFDFF}.Ad-Hoc|iPhone.Deploy.0 = Debug|Any CPU
		{B820CC56-E2F0-48E7-8C69-7FE858BAFDFF}.Ad-Hoc|iPhoneSimulator.ActiveCfg = Debug|Any CPU
		{B820CC56-E2F0-48E7-8C69-7FE858BAFDFF}.Ad-Hoc|iPhoneSimulator.Build.0 = Debug|Any CPU
		{B820CC56-E2F0-48E7-8C69-7FE858BAFDFF}.Ad-Hoc|iPhoneSimulator.Deploy.0 = Debug|Any CPU
		{B820CC56-E2F0-48E7-8C69-7FE858BAFDFF}.Ad-Hoc|x64.ActiveCfg = Debug|Any CPU
		{B820CC56-E2F0-48E7-8C69-7FE858BAFDFF}.Ad-Hoc|x64.Build.0 = Debug|Any CPU
		{B820CC56-E2F0-48E7-8C69-7FE858BAFDFF}.Ad-Hoc|x64.Deploy.0 = Debug|Any CPU
		{B820CC56-E2F0-48E7-8C69-7FE858BAFDFF}.Ad-Hoc|x86.ActiveCfg = Debug|Any CPU
		{B820CC56-E2F0-48E7-8C69-7FE858BAFDFF}.Ad-Hoc|x86.Build.0 = Debug|Any CPU
		{B820CC56-E2F0-48E7-8C69-7FE858BAFDFF}.Ad-Hoc|x86.Deploy.0 = Debug|Any CPU
		{B820CC56-E2F0-48E7-8C69-7FE858BAFDFF}.AppStore|Any CPU.ActiveCfg = Debug|Any CPU
		{B820CC56-E2F0-48E7-8C69-7FE858BAFDFF}.AppStore|Any CPU.Build.0 = Debug|Any CPU
		{B820CC56-E2F0-48E7-8C69-7FE858BAFDFF}.AppStore|Any CPU.Deploy.0 = Debug|Any CPU
		{B820CC56-E2F0-48E7-8C69-7FE858BAFDFF}.AppStore|ARM.ActiveCfg = Debug|Any CPU
		{B820CC56-E2F0-48E7-8C69-7FE858BAFDFF}.AppStore|ARM.Build.0 = Debug|Any CPU
		{B820CC56-E2F0-48E7-8C69-7FE858BAFDFF}.AppStore|ARM.Deploy.0 = Debug|Any CPU
		{B820CC56-E2F0-48E7-8C69-7FE858BAFDFF}.AppStore|iPhone.ActiveCfg = Debug|Any CPU
		{B820CC56-E2F0-48E7-8C69-7FE858BAFDFF}.AppStore|iPhone.Build.0 = Debug|Any CPU
		{B820CC56-E2F0-48E7-8C69-7FE858BAFDFF}.AppStore|iPhone.Deploy.0 = Debug|Any CPU
		{B820CC56-E2F0-48E7-8C69-7FE858BAFDFF}.AppStore|iPhoneSimulator.ActiveCfg = Debug|Any CPU
		{B820CC56-E2F0-48E7-8C69-7FE858BAFDFF}.AppStore|iPhoneSimulator.Build.0 = Debug|Any CPU
		{B820CC56-E2F0-48E7-8C69-7FE858BAFDFF}.AppStore|iPhoneSimulator.Deploy.0 = Debug|Any CPU
		{B820CC56-E2F0-48E7-8C69-7FE858BAFDFF}.AppStore|x64.ActiveCfg = Debug|Any CPU
		{B820CC56-E2F0-48E7-8C69-7FE858BAFDFF}.AppStore|x64.Build.0 = Debug|Any CPU
		{B820CC56-E2F0-48E7-8C69-7FE858BAFDFF}.AppStore|x64.Deploy.0 = Debug|Any CPU
		{B820CC56-E2F0-48E7-8C69-7FE858BAFDFF}.AppStore|x86.ActiveCfg = Debug|Any CPU
		{B820CC56-E2F0-48E7-8C69-7FE858BAFDFF}.AppStore|x86.Build.0 = Debug|Any CPU
		{B820CC56-E2F0-48E7-8C69-7FE858BAFDFF}.AppStore|x86.Deploy.0 = Debug|Any CPU
		{B820CC56-E2F0-48E7-8C69-7FE858BAFDFF}.Debug|Any CPU.ActiveCfg = Debug|Any CPU
		{B820CC56-E2F0-48E7-8C69-7FE858BAFDFF}.Debug|Any CPU.Build.0 = Debug|Any CPU
		{B820CC56-E2F0-48E7-8C69-7FE858BAFDFF}.Debug|Any CPU.Deploy.0 = Debug|Any CPU
		{B820CC56-E2F0-48E7-8C69-7FE858BAFDFF}.Debug|ARM.ActiveCfg = Debug|Any CPU
		{B820CC56-E2F0-48E7-8C69-7FE858BAFDFF}.Debug|ARM.Build.0 = Debug|Any CPU
		{B820CC56-E2F0-48E7-8C69-7FE858BAFDFF}.Debug|ARM.Deploy.0 = Debug|Any CPU
		{B820CC56-E2F0-48E7-8C69-7FE858BAFDFF}.Debug|iPhone.ActiveCfg = Debug|Any CPU
		{B820CC56-E2F0-48E7-8C69-7FE858BAFDFF}.Debug|iPhone.Build.0 = Debug|Any CPU
		{B820CC56-E2F0-48E7-8C69-7FE858BAFDFF}.Debug|iPhone.Deploy.0 = Debug|Any CPU
		{B820CC56-E2F0-48E7-8C69-7FE858BAFDFF}.Debug|iPhoneSimulator.ActiveCfg = Debug|Any CPU
		{B820CC56-E2F0-48E7-8C69-7FE858BAFDFF}.Debug|iPhoneSimulator.Build.0 = Debug|Any CPU
		{B820CC56-E2F0-48E7-8C69-7FE858BAFDFF}.Debug|iPhoneSimulator.Deploy.0 = Debug|Any CPU
		{B820CC56-E2F0-48E7-8C69-7FE858BAFDFF}.Debug|x64.ActiveCfg = Debug|Any CPU
		{B820CC56-E2F0-48E7-8C69-7FE858BAFDFF}.Debug|x64.Build.0 = Debug|Any CPU
		{B820CC56-E2F0-48E7-8C69-7FE858BAFDFF}.Debug|x64.Deploy.0 = Debug|Any CPU
		{B820CC56-E2F0-48E7-8C69-7FE858BAFDFF}.Debug|x86.ActiveCfg = Debug|Any CPU
		{B820CC56-E2F0-48E7-8C69-7FE858BAFDFF}.Debug|x86.Build.0 = Debug|Any CPU
		{B820CC56-E2F0-48E7-8C69-7FE858BAFDFF}.Debug|x86.Deploy.0 = Debug|Any CPU
		{B820CC56-E2F0-48E7-8C69-7FE858BAFDFF}.Release|Any CPU.ActiveCfg = Release|Any CPU
		{B820CC56-E2F0-48E7-8C69-7FE858BAFDFF}.Release|Any CPU.Build.0 = Release|Any CPU
		{B820CC56-E2F0-48E7-8C69-7FE858BAFDFF}.Release|Any CPU.Deploy.0 = Release|Any CPU
		{B820CC56-E2F0-48E7-8C69-7FE858BAFDFF}.Release|ARM.ActiveCfg = Release|Any CPU
		{B820CC56-E2F0-48E7-8C69-7FE858BAFDFF}.Release|ARM.Build.0 = Release|Any CPU
		{B820CC56-E2F0-48E7-8C69-7FE858BAFDFF}.Release|ARM.Deploy.0 = Release|Any CPU
		{B820CC56-E2F0-48E7-8C69-7FE858BAFDFF}.Release|iPhone.ActiveCfg = Release|Any CPU
		{B820CC56-E2F0-48E7-8C69-7FE858BAFDFF}.Release|iPhone.Build.0 = Release|Any CPU
		{B820CC56-E2F0-48E7-8C69-7FE858BAFDFF}.Release|iPhone.Deploy.0 = Release|Any CPU
		{B820CC56-E2F0-48E7-8C69-7FE858BAFDFF}.Release|iPhoneSimulator.ActiveCfg = Release|Any CPU
		{B820CC56-E2F0-48E7-8C69-7FE858BAFDFF}.Release|iPhoneSimulator.Build.0 = Release|Any CPU
		{B820CC56-E2F0-48E7-8C69-7FE858BAFDFF}.Release|iPhoneSimulator.Deploy.0 = Release|Any CPU
		{B820CC56-E2F0-48E7-8C69-7FE858BAFDFF}.Release|x64.ActiveCfg = Release|Any CPU
		{B820CC56-E2F0-48E7-8C69-7FE858BAFDFF}.Release|x64.Build.0 = Release|Any CPU
		{B820CC56-E2F0-48E7-8C69-7FE858BAFDFF}.Release|x64.Deploy.0 = Release|Any CPU
		{B820CC56-E2F0-48E7-8C69-7FE858BAFDFF}.Release|x86.ActiveCfg = Release|Any CPU
		{B820CC56-E2F0-48E7-8C69-7FE858BAFDFF}.Release|x86.Build.0 = Release|Any CPU
		{B820CC56-E2F0-48E7-8C69-7FE858BAFDFF}.Release|x86.Deploy.0 = Release|Any CPU
		{B9CDB35A-2BA8-4494-8DFE-46D81C38490E}.Ad-Hoc|Any CPU.ActiveCfg = Debug|Any CPU
		{B9CDB35A-2BA8-4494-8DFE-46D81C38490E}.Ad-Hoc|Any CPU.Build.0 = Debug|Any CPU
		{B9CDB35A-2BA8-4494-8DFE-46D81C38490E}.Ad-Hoc|ARM.ActiveCfg = Debug|Any CPU
		{B9CDB35A-2BA8-4494-8DFE-46D81C38490E}.Ad-Hoc|ARM.Build.0 = Debug|Any CPU
		{B9CDB35A-2BA8-4494-8DFE-46D81C38490E}.Ad-Hoc|iPhone.ActiveCfg = Debug|Any CPU
		{B9CDB35A-2BA8-4494-8DFE-46D81C38490E}.Ad-Hoc|iPhone.Build.0 = Debug|Any CPU
		{B9CDB35A-2BA8-4494-8DFE-46D81C38490E}.Ad-Hoc|iPhoneSimulator.ActiveCfg = Debug|Any CPU
		{B9CDB35A-2BA8-4494-8DFE-46D81C38490E}.Ad-Hoc|iPhoneSimulator.Build.0 = Debug|Any CPU
		{B9CDB35A-2BA8-4494-8DFE-46D81C38490E}.Ad-Hoc|x64.ActiveCfg = Debug|Any CPU
		{B9CDB35A-2BA8-4494-8DFE-46D81C38490E}.Ad-Hoc|x64.Build.0 = Debug|Any CPU
		{B9CDB35A-2BA8-4494-8DFE-46D81C38490E}.Ad-Hoc|x86.ActiveCfg = Debug|Any CPU
		{B9CDB35A-2BA8-4494-8DFE-46D81C38490E}.Ad-Hoc|x86.Build.0 = Debug|Any CPU
		{B9CDB35A-2BA8-4494-8DFE-46D81C38490E}.AppStore|Any CPU.ActiveCfg = Debug|Any CPU
		{B9CDB35A-2BA8-4494-8DFE-46D81C38490E}.AppStore|Any CPU.Build.0 = Debug|Any CPU
		{B9CDB35A-2BA8-4494-8DFE-46D81C38490E}.AppStore|ARM.ActiveCfg = Debug|Any CPU
		{B9CDB35A-2BA8-4494-8DFE-46D81C38490E}.AppStore|ARM.Build.0 = Debug|Any CPU
		{B9CDB35A-2BA8-4494-8DFE-46D81C38490E}.AppStore|iPhone.ActiveCfg = Debug|Any CPU
		{B9CDB35A-2BA8-4494-8DFE-46D81C38490E}.AppStore|iPhone.Build.0 = Debug|Any CPU
		{B9CDB35A-2BA8-4494-8DFE-46D81C38490E}.AppStore|iPhoneSimulator.ActiveCfg = Debug|Any CPU
		{B9CDB35A-2BA8-4494-8DFE-46D81C38490E}.AppStore|iPhoneSimulator.Build.0 = Debug|Any CPU
		{B9CDB35A-2BA8-4494-8DFE-46D81C38490E}.AppStore|x64.ActiveCfg = Debug|Any CPU
		{B9CDB35A-2BA8-4494-8DFE-46D81C38490E}.AppStore|x64.Build.0 = Debug|Any CPU
		{B9CDB35A-2BA8-4494-8DFE-46D81C38490E}.AppStore|x86.ActiveCfg = Debug|Any CPU
		{B9CDB35A-2BA8-4494-8DFE-46D81C38490E}.AppStore|x86.Build.0 = Debug|Any CPU
		{B9CDB35A-2BA8-4494-8DFE-46D81C38490E}.Debug|Any CPU.ActiveCfg = Debug|Any CPU
		{B9CDB35A-2BA8-4494-8DFE-46D81C38490E}.Debug|Any CPU.Build.0 = Debug|Any CPU
		{B9CDB35A-2BA8-4494-8DFE-46D81C38490E}.Debug|ARM.ActiveCfg = Debug|Any CPU
		{B9CDB35A-2BA8-4494-8DFE-46D81C38490E}.Debug|ARM.Build.0 = Debug|Any CPU
		{B9CDB35A-2BA8-4494-8DFE-46D81C38490E}.Debug|iPhone.ActiveCfg = Debug|Any CPU
		{B9CDB35A-2BA8-4494-8DFE-46D81C38490E}.Debug|iPhone.Build.0 = Debug|Any CPU
		{B9CDB35A-2BA8-4494-8DFE-46D81C38490E}.Debug|iPhoneSimulator.ActiveCfg = Debug|Any CPU
		{B9CDB35A-2BA8-4494-8DFE-46D81C38490E}.Debug|iPhoneSimulator.Build.0 = Debug|Any CPU
		{B9CDB35A-2BA8-4494-8DFE-46D81C38490E}.Debug|x64.ActiveCfg = Debug|Any CPU
		{B9CDB35A-2BA8-4494-8DFE-46D81C38490E}.Debug|x64.Build.0 = Debug|Any CPU
		{B9CDB35A-2BA8-4494-8DFE-46D81C38490E}.Debug|x86.ActiveCfg = Debug|Any CPU
		{B9CDB35A-2BA8-4494-8DFE-46D81C38490E}.Debug|x86.Build.0 = Debug|Any CPU
		{B9CDB35A-2BA8-4494-8DFE-46D81C38490E}.Release|Any CPU.ActiveCfg = Release|Any CPU
		{B9CDB35A-2BA8-4494-8DFE-46D81C38490E}.Release|Any CPU.Build.0 = Release|Any CPU
		{B9CDB35A-2BA8-4494-8DFE-46D81C38490E}.Release|ARM.ActiveCfg = Release|Any CPU
		{B9CDB35A-2BA8-4494-8DFE-46D81C38490E}.Release|ARM.Build.0 = Release|Any CPU
		{B9CDB35A-2BA8-4494-8DFE-46D81C38490E}.Release|iPhone.ActiveCfg = Release|Any CPU
		{B9CDB35A-2BA8-4494-8DFE-46D81C38490E}.Release|iPhone.Build.0 = Release|Any CPU
		{B9CDB35A-2BA8-4494-8DFE-46D81C38490E}.Release|iPhoneSimulator.ActiveCfg = Release|Any CPU
		{B9CDB35A-2BA8-4494-8DFE-46D81C38490E}.Release|iPhoneSimulator.Build.0 = Release|Any CPU
		{B9CDB35A-2BA8-4494-8DFE-46D81C38490E}.Release|x64.ActiveCfg = Release|Any CPU
		{B9CDB35A-2BA8-4494-8DFE-46D81C38490E}.Release|x64.Build.0 = Release|Any CPU
		{B9CDB35A-2BA8-4494-8DFE-46D81C38490E}.Release|x86.ActiveCfg = Release|Any CPU
		{B9CDB35A-2BA8-4494-8DFE-46D81C38490E}.Release|x86.Build.0 = Release|Any CPU
	EndGlobalSection
	GlobalSection(SolutionProperties) = preSolution
		HideSolutionNode = FALSE
	EndGlobalSection
	GlobalSection(NestedProjects) = preSolution
		{B9CDB35A-2BA8-4494-8DFE-46D81C38490E} = {170D9A27-CD61-40A9-9F97-EC148CEECD3F}
	EndGlobalSection
	GlobalSection(ExtensibilityGlobals) = postSolution
		SolutionGuid = {88F50C7C-FE74-4BFE-90C6-5E45F51C8759}
	EndGlobalSection
EndGlobal
